
Microsoft Visual Studio Solution File, Format Version 12.00
# Visual Studio Version 16
VisualStudioVersion = 16.0.29006.145
MinimumVisualStudioVersion = 10.0.40219.1
Project("{9A19103F-16F7-4668-BE54-9A1E7A4F7556}") = "TeeGrid_Locked_Columns", "TeeGrid_Locked_Columns.csproj", "{7785FADC-37D1-4692-BD94-8EA8D44CFFCB}"
EndProject
Global
	GlobalSection(SolutionConfigurationPlatforms) = preSolution
		Debug|Any CPU = Debug|Any CPU
		Release|Any CPU = Release|Any CPU
	EndGlobalSection
	GlobalSection(ProjectConfigurationPlatforms) = postSolution
		{7785FADC-37D1-4692-BD94-8EA8D44CFFCB}.Debug|Any CPU.ActiveCfg = Debug|Any CPU
		{7785FADC-37D1-4692-BD94-8EA8D44CFFCB}.Debug|Any CPU.Build.0 = Debug|Any CPU
		{7785FADC-37D1-4692-BD94-8EA8D44CFFCB}.Release|Any CPU.ActiveCfg = Release|Any CPU
		{7785FADC-37D1-4692-BD94-8EA8D44CFFCB}.Release|Any CPU.Build.0 = Release|Any CPU
	EndGlobalSection
	GlobalSection(SolutionProperties) = preSolution
		HideSolutionNode = FALSE
	EndGlobalSection
	GlobalSection(ExtensibilityGlobals) = postSolution
		SolutionGuid = {59F802AB-D201-47B6-913F-2BF8423969DF}
	EndGlobalSection
EndGlobal
